<?xml version="1.0" encoding="utf-8"?>
<Project ToolsVersion="4.0" xmlns="http://schemas.microsoft.com/developer/msbuild/2003">
  <ItemGroup>
    <Filter Include="Archivos de origen">
      <UniqueIdentifier>{4FC737F1-C7A5-4376-A066-2A32D752A2FF}</UniqueIdentifier>
      <Extensions>cpp;c;cc;cxx;c++;cppm;ixx;def;odl;idl;hpj;bat;asm;asmx</Extensions>
    </Filter>
    <Filter Include="Archivos de encabezado">
      <UniqueIdentifier>{93995380-89BD-4b04-88EB-625FBE52EBFB}</UniqueIdentifier>
      <Extensions>h;hh;hpp;hxx;h++;hm;inl;inc;ipp;xsd</Extensions>
    </Filter>
    <Filter Include="Archivos de recursos">
      <UniqueIdentifier>{67DA6AB6-F800-4c08-8B7A-83BB121AAD01}</UniqueIdentifier>
      <Extensions>rc;ico;cur;bmp;dlg;rc2;rct;bin;rgs;gif;jpg;jpeg;jpe;resx;tiff;tif;png;wav;mfcribbon-ms</Extensions>
    </Filter>
    <Filter Include="Archivos de encabezado\Elements">
      <UniqueIdentifier>{ec520c5d-5d5b-4149-9612-ee932bad84ea}</UniqueIdentifier>
    </Filter>
    <Filter Include="Archivos de encabezado\Models">
      <UniqueIdentifier>{0e296867-fff7-498e-8418-27737eba2c1f}</UniqueIdentifier>
    </Filter>
    <Filter Include="Archivos de encabezado\Core">
      <UniqueIdentifier>{c91fc3a2-b81d-4ec4-9a10-fe2308d01aad}</UniqueIdentifier>
    </Filter>
    <Filter Include="Archivos de origen\Elements">
      <UniqueIdentifier>{913213c7-f625-4006-988c-71e878c2bf96}</UniqueIdentifier>
    </Filter>
    <Filter Include="Archivos de encabezado\Utils">
      <UniqueIdentifier>{4711a2f0-ac81-485f-9fb0-576a93883cf3}</UniqueIdentifier>
    </Filter>
    <Filter Include="Archivos de origen\Utils">
      <UniqueIdentifier>{e7be95cd-a5ef-44df-86fc-0e2b99117fde}</UniqueIdentifier>
    </Filter>
    <Filter Include="Archivos de origen\Models">
      <UniqueIdentifier>{b3c724eb-4349-4365-9691-295918c69e16}</UniqueIdentifier>
    </Filter>
    <Filter Include="Archivos de origen\Core">
      <UniqueIdentifier>{2f6cdbcf-6ed7-4ced-9eab-0eddba014a0e}</UniqueIdentifier>
    </Filter>
  </ItemGroup>
  <ItemGroup>
    <ClCompile Include="desarrollopa.cpp">
      <Filter>Archivos de origen</Filter>
    </ClCompile>
    <ClCompile Include="Teapot.cpp">
      <Filter>Archivos de origen\Elements</Filter>
    </ClCompile>
    <ClCompile Include="Torus.cpp">
      <Filter>Archivos de origen\Elements</Filter>
    </ClCompile>
    <ClCompile Include="Sphere.cpp">
      <Filter>Archivos de origen\Elements</Filter>
    </ClCompile>
    <ClCompile Include="Cylinder.cpp">
      <Filter>Archivos de origen\Elements</Filter>
    </ClCompile>
    <ClCompile Include="Cuboid.cpp">
      <Filter>Archivos de origen\Elements</Filter>
    </ClCompile>
    <ClCompile Include="Cube.cpp">
      <Filter>Archivos de origen\Elements</Filter>
    </ClCompile>
    <ClCompile Include="Camera.cpp">
      <Filter>Archivos de origen\Core</Filter>
    </ClCompile>
    <ClCompile Include="Color.cpp">
      <Filter>Archivos de origen\Utils</Filter>
    </ClCompile>
    <ClCompile Include="Game.cpp">
      <Filter>Archivos de origen\Core</Filter>
    </ClCompile>
    <ClCompile Include="Display.cpp">
      <Filter>Archivos de origen\Elements</Filter>
    </ClCompile>
    <ClCompile Include="Vector3D.cpp">
      <Filter>Archivos de origen\Utils</Filter>
    </ClCompile>
    <ClCompile Include="Model.cpp">
      <Filter>Archivos de origen\Models</Filter>
    </ClCompile>
    <ClCompile Include="ModelLoader.cpp">
      <Filter>Archivos de origen\Models</Filter>
    </ClCompile>
    <ClCompile Include="Scene.cpp">
      <Filter>Archivos de origen\Core</Filter>
    </ClCompile>
    <ClCompile Include="Triangle.cpp">
      <Filter>Archivos de origen\Models</Filter>
    </ClCompile>
    <ClCompile Include="Solid.cpp">
      <Filter>Archivos de origen\Core</Filter>
    </ClCompile>
    <ClCompile Include="Emmiter.cpp">
      <Filter>Archivos de origen\Core</Filter>
    </ClCompile>
    <ClCompile Include="EmmiterConfiguration.cpp">
      <Filter>Archivos de origen\Core</Filter>
    </ClCompile>
    <ClCompile Include="FirstPersonCamera.cpp">
      <Filter>Archivos de origen\Core</Filter>
    </ClCompile>
    <ClCompile Include="Text.cpp">
      <Filter>Archivos de origen\Core</Filter>
    </ClCompile>
    <ClCompile Include="RankingStats.cpp">
      <Filter>Archivos de origen\Core</Filter>
    </ClCompile>
    <ClCompile Include="PlayerWithPointers.cpp">
      <Filter>Archivos de origen\Core</Filter>
    </ClCompile>
    <ClCompile Include="Canvas.cpp">
      <Filter>Archivos de origen\Core</Filter>
    </ClCompile>
    <ClCompile Include="Enemy.cpp">
      <Filter>Archivos de origen</Filter>
    </ClCompile>
    <ClCompile Include="SaveData.cpp">
      <Filter>Archivos de origen</Filter>
    </ClCompile>
  </ItemGroup>
  <ItemGroup>
    <ClInclude Include="Cube.h">
      <Filter>Archivos de encabezado\Elements</Filter>
    </ClInclude>
    <ClInclude Include="Cuboid.h">
      <Filter>Archivos de encabezado\Elements</Filter>
    </ClInclude>
    <ClInclude Include="Cylinder.h">
      <Filter>Archivos de encabezado\Elements</Filter>
    </ClInclude>
    <ClInclude Include="Sphere.h">
      <Filter>Archivos de encabezado\Elements</Filter>
    </ClInclude>
    <ClInclude Include="Teapot.h">
      <Filter>Archivos de encabezado\Elements</Filter>
    </ClInclude>
    <ClInclude Include="Torus.h">
      <Filter>Archivos de encabezado\Elements</Filter>
    </ClInclude>
    <ClInclude Include="Model.h">
      <Filter>Archivos de encabezado\Models</Filter>
    </ClInclude>
    <ClInclude Include="ModelLoader.h">
      <Filter>Archivos de encabezado\Models</Filter>
    </ClInclude>
    <ClInclude Include="Triangle.h">
      <Filter>Archivos de encabezado\Models</Filter>
    </ClInclude>
    <ClInclude Include="Camera.h">
      <Filter>Archivos de encabezado\Core</Filter>
    </ClInclude>
    <ClInclude Include="Game.h">
      <Filter>Archivos de encabezado\Core</Filter>
    </ClInclude>
    <ClInclude Include="Scene.h">
      <Filter>Archivos de encabezado\Core</Filter>
    </ClInclude>
    <ClInclude Include="Solid.h">
      <Filter>Archivos de encabezado\Core</Filter>
    </ClInclude>
    <ClInclude Include="Display.h">
      <Filter>Archivos de encabezado\Elements</Filter>
    </ClInclude>
    <ClInclude Include="Color.h">
      <Filter>Archivos de encabezado\Utils</Filter>
    </ClInclude>
    <ClInclude Include="Vector3D.h">
      <Filter>Archivos de encabezado\Utils</Filter>
    </ClInclude>
    <ClInclude Include="Emmiter.h">
      <Filter>Archivos de encabezado\Core</Filter>
    </ClInclude>
    <ClInclude Include="EmmiterConfiguration.h">
      <Filter>Archivos de encabezado\Core</Filter>
    </ClInclude>
    <ClInclude Include="FirstPersonCamera.h">
      <Filter>Archivos de encabezado\Core</Filter>
    </ClInclude>
    <ClInclude Include="Text.h">
      <Filter>Archivos de encabezado\Core</Filter>
    </ClInclude>
    <ClInclude Include="RankingStats.h">
      <Filter>Archivos de encabezado\Core</Filter>
    </ClInclude>
    <ClInclude Include="PlayerWithPointers.h">
      <Filter>Archivos de encabezado\Core</Filter>
    </ClInclude>
    <ClInclude Include="Canvas.h">
      <Filter>Archivos de encabezado\Core</Filter>
    </ClInclude>
    <ClInclude Include="Enemy.h">
      <Filter>Archivos de encabezado</Filter>
    </ClInclude>
    <ClInclude Include="SaveData.h">
      <Filter>Archivos de encabezado</Filter>
    </ClInclude>
  </ItemGroup>
  <ItemGroup>
    <None Include="packages.config" />
  </ItemGroup>
</Project>